
Microsoft Visual Studio Solution File, Format Version 12.00
# Visual Studio Version 17
VisualStudioVersion = 17.1.32414.318
MinimumVisualStudioVersion = 10.0.40219.1
Project("{2150E333-8FDC-42A3-9474-1A3956D46DE8}") = "Solution Items", "Solution Items", "{1E00CC1E-EED2-47B8-A2A9-0999504DDE3E}"
	ProjectSection(SolutionItems) = preProject
		..\.github\workflows\buildAndTest.yml = ..\.github\workflows\buildAndTest.yml
		Directory.Build.props = Directory.Build.props
		Directory.Build.targets = Directory.Build.targets
		MagicMap.snk = MagicMap.snk
	EndProjectSection
EndProject
Project("{9A19103F-16F7-4668-BE54-9A1E7A4F7556}") = "MagicMap", "MagicMap\MagicMap.csproj", "{D5393D15-1972-40A6-A7A9-51B5D301D080}"
EndProject
Project("{9A19103F-16F7-4668-BE54-9A1E7A4F7556}") = "MagicMap.UnitTests", "MagicMap.UnitTests\MagicMap.UnitTests.csproj", "{27674879-7735-4FF5-B793-DFC9A0923A7B}"
EndProject
Project("{9A19103F-16F7-4668-BE54-9A1E7A4F7556}") = "MagicMapTester", "MagicMapTester\MagicMapTester.csproj", "{0D3947CA-B6C0-476F-A613-0AA02EEE7153}"
EndProject
Project("{FAE04EC0-301F-11D3-BF4B-00C04F79EFBC}") = "MagicMapReferenceTester", "MagicMapReferenceTester\MagicMapReferenceTester.csproj", "{7464A7C5-9FC4-4366-879A-B818BE01FE95}"
EndProject
Global
	GlobalSection(SolutionConfigurationPlatforms) = preSolution
		Debug|Any CPU = Debug|Any CPU
		Release|Any CPU = Release|Any CPU
	EndGlobalSection
	GlobalSection(ProjectConfigurationPlatforms) = postSolution
		{D5393D15-1972-40A6-A7A9-51B5D301D080}.Debug|Any CPU.ActiveCfg = Debug|Any CPU
		{D5393D15-1972-40A6-A7A9-51B5D301D080}.Debug|Any CPU.Build.0 = Debug|Any CPU
		{D5393D15-1972-40A6-A7A9-51B5D301D080}.Release|Any CPU.ActiveCfg = Release|Any CPU
		{D5393D15-1972-40A6-A7A9-51B5D301D080}.Release|Any CPU.Build.0 = Release|Any CPU
		{27674879-7735-4FF5-B793-DFC9A0923A7B}.Debug|Any CPU.ActiveCfg = Debug|Any CPU
		{27674879-7735-4FF5-B793-DFC9A0923A7B}.Debug|Any CPU.Build.0 = Debug|Any CPU
		{27674879-7735-4FF5-B793-DFC9A0923A7B}.Release|Any CPU.ActiveCfg = Release|Any CPU
		{27674879-7735-4FF5-B793-DFC9A0923A7B}.Release|Any CPU.Build.0 = Release|Any CPU
		{0D3947CA-B6C0-476F-A613-0AA02EEE7153}.Debug|Any CPU.ActiveCfg = Debug|Any CPU
		{0D3947CA-B6C0-476F-A613-0AA02EEE7153}.Debug|Any CPU.Build.0 = Debug|Any CPU
		{0D3947CA-B6C0-476F-A613-0AA02EEE7153}.Release|Any CPU.ActiveCfg = Release|Any CPU
		{0D3947CA-B6C0-476F-A613-0AA02EEE7153}.Release|Any CPU.Build.0 = Release|Any CPU
		{7464A7C5-9FC4-4366-879A-B818BE01FE95}.Debug|Any CPU.ActiveCfg = Debug|Any CPU
		{7464A7C5-9FC4-4366-879A-B818BE01FE95}.Debug|Any CPU.Build.0 = Debug|Any CPU
		{7464A7C5-9FC4-4366-879A-B818BE01FE95}.Release|Any CPU.ActiveCfg = Release|Any CPU
		{7464A7C5-9FC4-4366-879A-B818BE01FE95}.Release|Any CPU.Build.0 = Release|Any CPU
	EndGlobalSection
	GlobalSection(SolutionProperties) = preSolution
		HideSolutionNode = FALSE
	EndGlobalSection
	GlobalSection(ExtensibilityGlobals) = postSolution
		SolutionGuid = {1CD60CA8-32FB-4CCE-8AFA-8BA18C47E177}
	EndGlobalSection
EndGlobal
